
Microsoft Visual Studio Solution File, Format Version 12.00
# Visual Studio Version 17
VisualStudioVersion = 17.10.34902.84
MinimumVisualStudioVersion = 10.0.40219.1
Project("{FAE04EC0-301F-11D3-BF4B-00C04F79EFBC}") = "-,ConsoleAppCreatingSessions", "-,ConsoleAppCreatingSessions\-,ConsoleAppCreatingSessions.csproj", "{6AC11217-CA7C-4BFD-B670-8DA43376CE8E}"
EndProject
Global
	GlobalSection(SolutionConfigurationPlatforms) = preSolution
		Debug|Any CPU = Debug|Any CPU
		Release|Any CPU = Release|Any CPU
	EndGlobalSection
	GlobalSection(ProjectConfigurationPlatforms) = postSolution
		{6AC11217-CA7C-4BFD-B670-8DA43376CE8E}.Debug|Any CPU.ActiveCfg = Debug|Any CPU
		{6AC11217-CA7C-4BFD-B670-8DA43376CE8E}.Debug|Any CPU.Build.0 = Debug|Any CPU
		{6AC11217-CA7C-4BFD-B670-8DA43376CE8E}.Release|Any CPU.ActiveCfg = Release|Any CPU
		{6AC11217-CA7C-4BFD-B670-8DA43376CE8E}.Release|Any CPU.Build.0 = Release|Any CPU
	EndGlobalSection
	GlobalSection(SolutionProperties) = preSolution
		HideSolutionNode = FALSE
	EndGlobalSection
	GlobalSection(ExtensibilityGlobals) = postSolution
		SolutionGuid = {E76D9105-533E-4725-82F6-5189AF3C2AD2}
	EndGlobalSection
EndGlobal
